
Microsoft Visual Studio Solution File, Format Version 12.00
# Visual Studio Version 17
VisualStudioVersion = 17.0.32014.148
MinimumVisualStudioVersion = 10.0.40219.1
Project("{FAE04EC0-301F-11D3-BF4B-00C04F79EFBC}") = "LinkedListV3UpdateReversSortLinked", "LinkedListV3UpdateReversSortLinked\LinkedListV3UpdateReversSortLinked.csproj", "{943A25D5-2A91-4426-9B63-6061B9825113}"
EndProject
Global
	GlobalSection(SolutionConfigurationPlatforms) = preSolution
		Debug|Any CPU = Debug|Any CPU
		Release|Any CPU = Release|Any CPU
	EndGlobalSection
	GlobalSection(ProjectConfigurationPlatforms) = postSolution
		{943A25D5-2A91-4426-9B63-6061B9825113}.Debug|Any CPU.ActiveCfg = Debug|Any CPU
		{943A25D5-2A91-4426-9B63-6061B9825113}.Debug|Any CPU.Build.0 = Debug|Any CPU
		{943A25D5-2A91-4426-9B63-6061B9825113}.Release|Any CPU.ActiveCfg = Release|Any CPU
		{943A25D5-2A91-4426-9B63-6061B9825113}.Release|Any CPU.Build.0 = Release|Any CPU
	EndGlobalSection
	GlobalSection(SolutionProperties) = preSolution
		HideSolutionNode = FALSE
	EndGlobalSection
	GlobalSection(ExtensibilityGlobals) = postSolution
		SolutionGuid = {D3931FB4-A042-45C2-9C92-01AD69D92C0B}
	EndGlobalSection
EndGlobal
